
Microsoft Visual Studio Solution File, Format Version 12.00
# Visual Studio 15
VisualStudioVersion = 15.0.28010.2016
MinimumVisualStudioVersion = 10.0.40219.1
Project("{FAE04EC0-301F-11D3-BF4B-00C04F79EFBC}") = "WDchewei task5", "WDchewei5\WDchewei task5.csproj", "{5ADA38DA-6BD3-4798-965F-9D4CBD5206EF}"
EndProject
Global
	GlobalSection(SolutionConfigurationPlatforms) = preSolution
		Debug|Any CPU = Debug|Any CPU
		Release|Any CPU = Release|Any CPU
	EndGlobalSection
	GlobalSection(ProjectConfigurationPlatforms) = postSolution
		{5ADA38DA-6BD3-4798-965F-9D4CBD5206EF}.Debug|Any CPU.ActiveCfg = Debug|Any CPU
		{5ADA38DA-6BD3-4798-965F-9D4CBD5206EF}.Debug|Any CPU.Build.0 = Debug|Any CPU
		{5ADA38DA-6BD3-4798-965F-9D4CBD5206EF}.Release|Any CPU.ActiveCfg = Release|Any CPU
		{5ADA38DA-6BD3-4798-965F-9D4CBD5206EF}.Release|Any CPU.Build.0 = Release|Any CPU
	EndGlobalSection
	GlobalSection(SolutionProperties) = preSolution
		HideSolutionNode = FALSE
	EndGlobalSection
	GlobalSection(ExtensibilityGlobals) = postSolution
		SolutionGuid = {4029B8EE-F480-40BA-A6B4-15C17DF54996}
	EndGlobalSection
EndGlobal
